
Microsoft Visual Studio Solution File, Format Version 12.00
# Visual Studio 14
VisualStudioVersion = 14.0.24720.0
MinimumVisualStudioVersion = 10.0.40219.1
Project("{FAE04EC0-301F-11D3-BF4B-00C04F79EFBC}") = "SimpleCache", "SimpleCache\SimpleCache.csproj", "{9B1D6136-DDE6-4B20-8C67-9D568179CE0D}"
EndProject
Project("{FAE04EC0-301F-11D3-BF4B-00C04F79EFBC}") = "SimpleCache.Tests", "SimpleCache.Tests\SimpleCache.Tests.csproj", "{6F9CE637-3F95-4AA7-8A02-B94A434428FD}"
EndProject
Global
	GlobalSection(SolutionConfigurationPlatforms) = preSolution
		Debug|Any CPU = Debug|Any CPU
		Release|Any CPU = Release|Any CPU
	EndGlobalSection
	GlobalSection(ProjectConfigurationPlatforms) = postSolution
		{9B1D6136-DDE6-4B20-8C67-9D568179CE0D}.Debug|Any CPU.ActiveCfg = Debug|Any CPU
		{9B1D6136-DDE6-4B20-8C67-9D568179CE0D}.Debug|Any CPU.Build.0 = Debug|Any CPU
		{9B1D6136-DDE6-4B20-8C67-9D568179CE0D}.Release|Any CPU.ActiveCfg = Release|Any CPU
		{9B1D6136-DDE6-4B20-8C67-9D568179CE0D}.Release|Any CPU.Build.0 = Release|Any CPU
		{6F9CE637-3F95-4AA7-8A02-B94A434428FD}.Debug|Any CPU.ActiveCfg = Debug|Any CPU
		{6F9CE637-3F95-4AA7-8A02-B94A434428FD}.Debug|Any CPU.Build.0 = Debug|Any CPU
		{6F9CE637-3F95-4AA7-8A02-B94A434428FD}.Release|Any CPU.ActiveCfg = Release|Any CPU
		{6F9CE637-3F95-4AA7-8A02-B94A434428FD}.Release|Any CPU.Build.0 = Release|Any CPU
	EndGlobalSection
	GlobalSection(SolutionProperties) = preSolution
		HideSolutionNode = FALSE
	EndGlobalSection
EndGlobal
